
Microsoft Visual Studio Solution File, Format Version 12.00
# Visual Studio 15
VisualStudioVersion = 15.0.27703.2047
MinimumVisualStudioVersion = 10.0.40219.1
Project("{159641D6-6404-4A2A-AE62-294DE0FE8301}") = "SSIS_XML", "SSIS_XML.dtproj", "{204CA26E-1453-4711-8652-95B5727612BC}"
EndProject
Global
	GlobalSection(SolutionConfigurationPlatforms) = preSolution
		Development|Default = Development|Default
	EndGlobalSection
	GlobalSection(ProjectConfigurationPlatforms) = postSolution
		{204CA26E-1453-4711-8652-95B5727612BC}.Development|Default.ActiveCfg = Development
		{204CA26E-1453-4711-8652-95B5727612BC}.Development|Default.Build.0 = Development
	EndGlobalSection
	GlobalSection(SolutionProperties) = preSolution
		HideSolutionNode = FALSE
	EndGlobalSection
	GlobalSection(ExtensibilityGlobals) = postSolution
		SolutionGuid = {DB48C03E-E9C4-4240-89AD-9055BB073F7D}
	EndGlobalSection
EndGlobal
